
Microsoft Visual Studio Solution File, Format Version 12.00
# Visual Studio Version 17
VisualStudioVersion = 17.2.32630.192
MinimumVisualStudioVersion = 10.0.40219.1
Project("{FAE04EC0-301F-11D3-BF4B-00C04F79EFBC}") = "Libreria_GUI", "Libreria_GUI\Libreria_GUI.csproj", "{F58317FA-B3D3-4200-A91E-E713FAFD305A}"
EndProject
Project("{FAE04EC0-301F-11D3-BF4B-00C04F79EFBC}") = "Libreria_DALC", "Libreria_DALC\Libreria_DALC.csproj", "{07CAEFBA-AC52-4F4D-BF6F-0424F7B32FE0}"
EndProject
Project("{FAE04EC0-301F-11D3-BF4B-00C04F79EFBC}") = "Libreria_Negocio", "Libreria_Negocio\Libreria_Negocio.csproj", "{C0D9EDC6-B484-4C3A-BC2C-4E89D7FE4C8C}"
EndProject
Global
	GlobalSection(SolutionConfigurationPlatforms) = preSolution
		Debug|Any CPU = Debug|Any CPU
		Release|Any CPU = Release|Any CPU
	EndGlobalSection
	GlobalSection(ProjectConfigurationPlatforms) = postSolution
		{F58317FA-B3D3-4200-A91E-E713FAFD305A}.Debug|Any CPU.ActiveCfg = Debug|Any CPU
		{F58317FA-B3D3-4200-A91E-E713FAFD305A}.Debug|Any CPU.Build.0 = Debug|Any CPU
		{F58317FA-B3D3-4200-A91E-E713FAFD305A}.Release|Any CPU.ActiveCfg = Release|Any CPU
		{F58317FA-B3D3-4200-A91E-E713FAFD305A}.Release|Any CPU.Build.0 = Release|Any CPU
		{07CAEFBA-AC52-4F4D-BF6F-0424F7B32FE0}.Debug|Any CPU.ActiveCfg = Debug|Any CPU
		{07CAEFBA-AC52-4F4D-BF6F-0424F7B32FE0}.Debug|Any CPU.Build.0 = Debug|Any CPU
		{07CAEFBA-AC52-4F4D-BF6F-0424F7B32FE0}.Release|Any CPU.ActiveCfg = Release|Any CPU
		{07CAEFBA-AC52-4F4D-BF6F-0424F7B32FE0}.Release|Any CPU.Build.0 = Release|Any CPU
		{C0D9EDC6-B484-4C3A-BC2C-4E89D7FE4C8C}.Debug|Any CPU.ActiveCfg = Debug|Any CPU
		{C0D9EDC6-B484-4C3A-BC2C-4E89D7FE4C8C}.Debug|Any CPU.Build.0 = Debug|Any CPU
		{C0D9EDC6-B484-4C3A-BC2C-4E89D7FE4C8C}.Release|Any CPU.ActiveCfg = Release|Any CPU
		{C0D9EDC6-B484-4C3A-BC2C-4E89D7FE4C8C}.Release|Any CPU.Build.0 = Release|Any CPU
	EndGlobalSection
	GlobalSection(SolutionProperties) = preSolution
		HideSolutionNode = FALSE
	EndGlobalSection
	GlobalSection(ExtensibilityGlobals) = postSolution
		SolutionGuid = {61A98713-60A6-4BBC-9298-A278E4C55B32}
	EndGlobalSection
EndGlobal
